# Generated by pub
# See http://pub.dartlang.org/doc/glossary.html#lockfile
packages:
  args:
    description: args
    source: hosted
    version: "0.12.2+2"
  collection:
    description: collection
    source: hosted
    version: "1.1.0"
  lists:
    description: lists
    source: hosted
    version: "0.0.20"
  path:
    description: path
    source: hosted
    version: "1.3.1"
  petitparser:
    description: petitparser
    source: hosted
    version: "1.3.3"
  strings:
    description: strings
    source: hosted
    version: "0.0.6"
  unicode:
    description: unicode
    source: hosted
    version: "0.0.9"
