// !$*UTF8*$!
{
	archiveVersion = 1;
	classes = {
	};
	objectVersion = 46;
	objects = {

/* Begin PBXBuildFile section */
		07AEBC8F98495D7D40B118B6 /* libPods.a in Frameworks */ = {isa = PBXBuildFile; fileRef = 37E3EF036F3882AE10C212AC /* libPods.a */; };
		2D6E8DC71B283A6300FED492 /* dart-logo.png in Resources */ = {isa = PBXBuildFile; fileRef = 2D6E8DC61B283A6300FED492 /* dart-logo.png */; };
		2DA416301B638EC500660667 /* ImagePresenter.mm in Sources */ = {isa = PBXBuildFile; fileRef = 2DA4162F1B638EC500660667 /* ImagePresenter.mm */; };
		2DB4917D1B0C797900912DA3 /* SlidingWindowPresenter.mm in Sources */ = {isa = PBXBuildFile; fileRef = 2DB4917C1B0C797900912DA3 /* SlidingWindowPresenter.mm */; };
		2DB491831B0C83D200912DA3 /* CommitCellPresenter.mm in Sources */ = {isa = PBXBuildFile; fileRef = 2DB491821B0C83D200912DA3 /* CommitCellPresenter.mm */; };
		2DB4918A1B0C9B2000912DA3 /* CommitListPresenter.mm in Sources */ = {isa = PBXBuildFile; fileRef = 2DB491891B0C9B2000912DA3 /* CommitListPresenter.mm */; };
		DA1D77031B037490009E936C /* MainController.mm in Sources */ = {isa = PBXBuildFile; fileRef = DA1D77021B037490009E936C /* MainController.mm */; };
		DA313FA51AD665A6000089F9 /* main.m in Sources */ = {isa = PBXBuildFile; fileRef = DA313FA41AD665A6000089F9 /* main.m */; };
		DA313FA81AD665A6000089F9 /* AppDelegate.mm in Sources */ = {isa = PBXBuildFile; fileRef = DA313FA71AD665A6000089F9 /* AppDelegate.mm */; };
		DA313FAE1AD665A6000089F9 /* Main.storyboard in Resources */ = {isa = PBXBuildFile; fileRef = DA313FAC1AD665A6000089F9 /* Main.storyboard */; };
		DA313FB01AD665A6000089F9 /* Images.xcassets in Resources */ = {isa = PBXBuildFile; fileRef = DA313FAF1AD665A6000089F9 /* Images.xcassets */; };
		DA313FB31AD665A6000089F9 /* LaunchScreen.xib in Resources */ = {isa = PBXBuildFile; fileRef = DA313FB11AD665A6000089F9 /* LaunchScreen.xib */; };
		DA313FBF1AD665A7000089F9 /* githubTests.m in Sources */ = {isa = PBXBuildFile; fileRef = DA313FBE1AD665A7000089F9 /* githubTests.m */; };
		DA4370BB1AE9321600EEE52F /* libfletch.a in Frameworks */ = {isa = PBXBuildFile; fileRef = DA4370BA1AE9321600EEE52F /* libfletch.a */; };
		DA4370BD1AE9328D00EEE52F /* unix_ia32_hack.c in Sources */ = {isa = PBXBuildFile; fileRef = DA4370BC1AE9328D00EEE52F /* unix_ia32_hack.c */; };
		DA79124A1AFCEEB300E5F773 /* immi_service.cc in Sources */ = {isa = PBXBuildFile; fileRef = DA7912441AFCEEB300E5F773 /* immi_service.cc */; };
		DA79124B1AFCEEB300E5F773 /* struct.cc in Sources */ = {isa = PBXBuildFile; fileRef = DA7912461AFCEEB300E5F773 /* struct.cc */; };
		DA79124C1AFCEEB300E5F773 /* unicode.cc in Sources */ = {isa = PBXBuildFile; fileRef = DA7912481AFCEEB300E5F773 /* unicode.cc */; };
		DA7912501AFCEEE900E5F773 /* github.mm in Sources */ = {isa = PBXBuildFile; fileRef = DA79124F1AFCEEE900E5F773 /* github.mm */; };
		DA7EF8871B0F3B7D005F8E03 /* MenuPresenter.mm in Sources */ = {isa = PBXBuildFile; fileRef = DA7EF8861B0F3B7D005F8E03 /* MenuPresenter.mm */; };
		DADC871F1B298C90000F0BE7 /* DrawerPresenter.mm in Sources */ = {isa = PBXBuildFile; fileRef = DADC871E1B298C90000F0BE7 /* DrawerPresenter.mm */; };
		DAEE2F341AD6AA2600945914 /* github.snapshot in Resources */ = {isa = PBXBuildFile; fileRef = DAEE2F331AD6AA2600945914 /* github.snapshot */; };
/* End PBXBuildFile section */

/* Begin PBXContainerItemProxy section */
		DA313FB91AD665A7000089F9 /* PBXContainerItemProxy */ = {
			isa = PBXContainerItemProxy;
			containerPortal = DA313F971AD665A6000089F9 /* Project object */;
			proxyType = 1;
			remoteGlobalIDString = DA313F9E1AD665A6000089F9;
			remoteInfo = github;
		};
/* End PBXContainerItemProxy section */

/* Begin PBXFileReference section */
		2D6E8DC61B283A6300FED492 /* dart-logo.png */ = {isa = PBXFileReference; lastKnownFileType = image.png; path = "dart-logo.png"; sourceTree = "<group>"; };
		2DA4162E1B638EC500660667 /* ImagePresenter.h */ = {isa = PBXFileReference; fileEncoding = 4; lastKnownFileType = sourcecode.c.h; path = ImagePresenter.h; sourceTree = "<group>"; };
		2DA4162F1B638EC500660667 /* ImagePresenter.mm */ = {isa = PBXFileReference; fileEncoding = 4; lastKnownFileType = sourcecode.cpp.objcpp; path = ImagePresenter.mm; sourceTree = "<group>"; };
		2DB4917B1B0C797900912DA3 /* SlidingWindowPresenter.h */ = {isa = PBXFileReference; fileEncoding = 4; lastKnownFileType = sourcecode.c.h; path = SlidingWindowPresenter.h; sourceTree = "<group>"; };
		2DB4917C1B0C797900912DA3 /* SlidingWindowPresenter.mm */ = {isa = PBXFileReference; fileEncoding = 4; lastKnownFileType = sourcecode.cpp.objcpp; lineEnding = 0; path = SlidingWindowPresenter.mm; sourceTree = "<group>"; xcLanguageSpecificationIdentifier = xcode.lang.objcpp; };
		2DB4917E1B0C806500912DA3 /* CellPresenter.h */ = {isa = PBXFileReference; fileEncoding = 4; lastKnownFileType = sourcecode.c.h; lineEnding = 0; path = CellPresenter.h; sourceTree = "<group>"; xcLanguageSpecificationIdentifier = xcode.lang.objcpp; };
		2DB491811B0C83D200912DA3 /* CommitCellPresenter.h */ = {isa = PBXFileReference; fileEncoding = 4; lastKnownFileType = sourcecode.c.h; lineEnding = 0; path = CommitCellPresenter.h; sourceTree = "<group>"; xcLanguageSpecificationIdentifier = xcode.lang.objcpp; };
		2DB491821B0C83D200912DA3 /* CommitCellPresenter.mm */ = {isa = PBXFileReference; fileEncoding = 4; lastKnownFileType = sourcecode.cpp.objcpp; lineEnding = 0; path = CommitCellPresenter.mm; sourceTree = "<group>"; xcLanguageSpecificationIdentifier = xcode.lang.objcpp; };
		2DB491881B0C9B2000912DA3 /* CommitListPresenter.h */ = {isa = PBXFileReference; fileEncoding = 4; lastKnownFileType = sourcecode.c.h; path = CommitListPresenter.h; sourceTree = "<group>"; };
		2DB491891B0C9B2000912DA3 /* CommitListPresenter.mm */ = {isa = PBXFileReference; fileEncoding = 4; lastKnownFileType = sourcecode.cpp.objcpp; path = CommitListPresenter.mm; sourceTree = "<group>"; };
		37E3EF036F3882AE10C212AC /* libPods.a */ = {isa = PBXFileReference; explicitFileType = archive.ar; includeInIndex = 0; path = libPods.a; sourceTree = BUILT_PRODUCTS_DIR; };
		4E37F34647C00D8D3201F7A7 /* Pods.debug.xcconfig */ = {isa = PBXFileReference; includeInIndex = 1; lastKnownFileType = text.xcconfig; name = Pods.debug.xcconfig; path = "Pods/Target Support Files/Pods/Pods.debug.xcconfig"; sourceTree = "<group>"; };
		CF6A9C448DE9E3E165408184 /* Pods.release.xcconfig */ = {isa = PBXFileReference; includeInIndex = 1; lastKnownFileType = text.xcconfig; name = Pods.release.xcconfig; path = "Pods/Target Support Files/Pods/Pods.release.xcconfig"; sourceTree = "<group>"; };
		DA1D77011B037490009E936C /* MainController.h */ = {isa = PBXFileReference; fileEncoding = 4; lastKnownFileType = sourcecode.c.h; path = MainController.h; sourceTree = "<group>"; };
		DA1D77021B037490009E936C /* MainController.mm */ = {isa = PBXFileReference; fileEncoding = 4; lastKnownFileType = sourcecode.cpp.objcpp; path = MainController.mm; sourceTree = "<group>"; };
		DA313F9F1AD665A6000089F9 /* github.app */ = {isa = PBXFileReference; explicitFileType = wrapper.application; includeInIndex = 0; path = github.app; sourceTree = BUILT_PRODUCTS_DIR; };
		DA313FA31AD665A6000089F9 /* Info.plist */ = {isa = PBXFileReference; lastKnownFileType = text.plist.xml; path = Info.plist; sourceTree = "<group>"; };
		DA313FA41AD665A6000089F9 /* main.m */ = {isa = PBXFileReference; lastKnownFileType = sourcecode.c.objc; path = main.m; sourceTree = "<group>"; };
		DA313FA61AD665A6000089F9 /* AppDelegate.h */ = {isa = PBXFileReference; lastKnownFileType = sourcecode.c.h; path = AppDelegate.h; sourceTree = "<group>"; };
		DA313FA71AD665A6000089F9 /* AppDelegate.mm */ = {isa = PBXFileReference; lastKnownFileType = sourcecode.cpp.objcpp; path = AppDelegate.mm; sourceTree = "<group>"; };
		DA313FAD1AD665A6000089F9 /* Base */ = {isa = PBXFileReference; lastKnownFileType = file.storyboard; name = Base; path = Base.lproj/Main.storyboard; sourceTree = "<group>"; };
		DA313FAF1AD665A6000089F9 /* Images.xcassets */ = {isa = PBXFileReference; lastKnownFileType = folder.assetcatalog; path = Images.xcassets; sourceTree = "<group>"; };
		DA313FB21AD665A6000089F9 /* Base */ = {isa = PBXFileReference; lastKnownFileType = file.xib; name = Base; path = Base.lproj/LaunchScreen.xib; sourceTree = "<group>"; };
		DA313FB81AD665A7000089F9 /* githubTests.xctest */ = {isa = PBXFileReference; explicitFileType = wrapper.cfbundle; includeInIndex = 0; path = githubTests.xctest; sourceTree = BUILT_PRODUCTS_DIR; };
		DA313FBD1AD665A7000089F9 /* Info.plist */ = {isa = PBXFileReference; lastKnownFileType = text.plist.xml; path = Info.plist; sourceTree = "<group>"; };
		DA313FBE1AD665A7000089F9 /* githubTests.m */ = {isa = PBXFileReference; lastKnownFileType = sourcecode.c.objc; path = githubTests.m; sourceTree = "<group>"; };
		DA4370BA1AE9321600EEE52F /* libfletch.a */ = {isa = PBXFileReference; lastKnownFileType = archive.ar; path = libfletch.a; sourceTree = "<group>"; };
		DA4370BC1AE9328D00EEE52F /* unix_ia32_hack.c */ = {isa = PBXFileReference; fileEncoding = 4; lastKnownFileType = sourcecode.c.c; path = unix_ia32_hack.c; sourceTree = "<group>"; };
		DA7912441AFCEEB300E5F773 /* immi_service.cc */ = {isa = PBXFileReference; fileEncoding = 4; lastKnownFileType = sourcecode.cpp.cpp; path = immi_service.cc; sourceTree = "<group>"; };
		DA7912451AFCEEB300E5F773 /* immi_service.h */ = {isa = PBXFileReference; fileEncoding = 4; lastKnownFileType = sourcecode.c.h; path = immi_service.h; sourceTree = "<group>"; };
		DA7912461AFCEEB300E5F773 /* struct.cc */ = {isa = PBXFileReference; fileEncoding = 4; lastKnownFileType = sourcecode.cpp.cpp; path = struct.cc; sourceTree = "<group>"; };
		DA7912471AFCEEB300E5F773 /* struct.h */ = {isa = PBXFileReference; fileEncoding = 4; lastKnownFileType = sourcecode.c.h; path = struct.h; sourceTree = "<group>"; };
		DA7912481AFCEEB300E5F773 /* unicode.cc */ = {isa = PBXFileReference; fileEncoding = 4; lastKnownFileType = sourcecode.cpp.cpp; path = unicode.cc; sourceTree = "<group>"; };
		DA7912491AFCEEB300E5F773 /* unicode.h */ = {isa = PBXFileReference; fileEncoding = 4; lastKnownFileType = sourcecode.c.h; path = unicode.h; sourceTree = "<group>"; };
		DA79124E1AFCEEE900E5F773 /* github.h */ = {isa = PBXFileReference; fileEncoding = 4; lastKnownFileType = sourcecode.c.h; path = github.h; sourceTree = "<group>"; };
		DA79124F1AFCEEE900E5F773 /* github.mm */ = {isa = PBXFileReference; fileEncoding = 4; lastKnownFileType = sourcecode.cpp.objcpp; path = github.mm; sourceTree = "<group>"; };
		DA7EF8851B0F3B7D005F8E03 /* MenuPresenter.h */ = {isa = PBXFileReference; fileEncoding = 4; lastKnownFileType = sourcecode.c.h; path = MenuPresenter.h; sourceTree = "<group>"; };
		DA7EF8861B0F3B7D005F8E03 /* MenuPresenter.mm */ = {isa = PBXFileReference; fileEncoding = 4; lastKnownFileType = sourcecode.cpp.objcpp; path = MenuPresenter.mm; sourceTree = "<group>"; };
		DADC871D1B298C90000F0BE7 /* DrawerPresenter.h */ = {isa = PBXFileReference; fileEncoding = 4; lastKnownFileType = sourcecode.c.h; path = DrawerPresenter.h; sourceTree = "<group>"; };
		DADC871E1B298C90000F0BE7 /* DrawerPresenter.mm */ = {isa = PBXFileReference; fileEncoding = 4; lastKnownFileType = sourcecode.cpp.objcpp; path = DrawerPresenter.mm; sourceTree = "<group>"; };
		DADC87231B380B4A000F0BE7 /* ViewPresenter.h */ = {isa = PBXFileReference; lastKnownFileType = sourcecode.c.h; path = ViewPresenter.h; sourceTree = "<group>"; };
		DAEE2F331AD6AA2600945914 /* github.snapshot */ = {isa = PBXFileReference; lastKnownFileType = file; name = github.snapshot; path = ../generated/github.snapshot; sourceTree = SOURCE_ROOT; };
/* End PBXFileReference section */

/* Begin PBXFrameworksBuildPhase section */
		DA313F9C1AD665A6000089F9 /* Frameworks */ = {
			isa = PBXFrameworksBuildPhase;
			buildActionMask = 2147483647;
			files = (
				DA4370BB1AE9321600EEE52F /* libfletch.a in Frameworks */,
				07AEBC8F98495D7D40B118B6 /* libPods.a in Frameworks */,
			);
			runOnlyForDeploymentPostprocessing = 0;
		};
		DA313FB51AD665A7000089F9 /* Frameworks */ = {
			isa = PBXFrameworksBuildPhase;
			buildActionMask = 2147483647;
			files = (
			);
			runOnlyForDeploymentPostprocessing = 0;
		};
/* End PBXFrameworksBuildPhase section */

/* Begin PBXGroup section */
		7571D039A9294E04FEB11AEA /* Pods */ = {
			isa = PBXGroup;
			children = (
				4E37F34647C00D8D3201F7A7 /* Pods.debug.xcconfig */,
				CF6A9C448DE9E3E165408184 /* Pods.release.xcconfig */,
			);
			name = Pods;
			sourceTree = "<group>";
		};
		7C592E2EDA0570FB00C78420 /* Frameworks */ = {
			isa = PBXGroup;
			children = (
				37E3EF036F3882AE10C212AC /* libPods.a */,
			);
			name = Frameworks;
			sourceTree = "<group>";
		};
		DA313F961AD665A6000089F9 = {
			isa = PBXGroup;
			children = (
				DA79124D1AFCEEE900E5F773 /* objc */,
				DA7912431AFCEEB300E5F773 /* cc */,
				DA4370BC1AE9328D00EEE52F /* unix_ia32_hack.c */,
				DA4370BA1AE9321600EEE52F /* libfletch.a */,
				DAEE2F321AD6AA1800945914 /* Resources */,
				DA313FA11AD665A6000089F9 /* github */,
				DA313FBB1AD665A7000089F9 /* githubTests */,
				DA313FA01AD665A6000089F9 /* Products */,
				7571D039A9294E04FEB11AEA /* Pods */,
				7C592E2EDA0570FB00C78420 /* Frameworks */,
			);
			sourceTree = "<group>";
		};
		DA313FA01AD665A6000089F9 /* Products */ = {
			isa = PBXGroup;
			children = (
				DA313F9F1AD665A6000089F9 /* github.app */,
				DA313FB81AD665A7000089F9 /* githubTests.xctest */,
			);
			name = Products;
			sourceTree = "<group>";
		};
		DA313FA11AD665A6000089F9 /* github */ = {
			isa = PBXGroup;
			children = (
				2D6E8DC61B283A6300FED492 /* dart-logo.png */,
				DA313FA61AD665A6000089F9 /* AppDelegate.h */,
				DA313FA71AD665A6000089F9 /* AppDelegate.mm */,
				DA1D77011B037490009E936C /* MainController.h */,
				DA1D77021B037490009E936C /* MainController.mm */,
				DA7EF8851B0F3B7D005F8E03 /* MenuPresenter.h */,
				DA7EF8861B0F3B7D005F8E03 /* MenuPresenter.mm */,
				DA313FAC1AD665A6000089F9 /* Main.storyboard */,
				DA313FAF1AD665A6000089F9 /* Images.xcassets */,
				DA313FB11AD665A6000089F9 /* LaunchScreen.xib */,
				DA313FA21AD665A6000089F9 /* Supporting Files */,
				2DB4917B1B0C797900912DA3 /* SlidingWindowPresenter.h */,
				2DB4917C1B0C797900912DA3 /* SlidingWindowPresenter.mm */,
				2DB4917E1B0C806500912DA3 /* CellPresenter.h */,
				DADC871D1B298C90000F0BE7 /* DrawerPresenter.h */,
				DADC871E1B298C90000F0BE7 /* DrawerPresenter.mm */,
				2DB491811B0C83D200912DA3 /* CommitCellPresenter.h */,
				2DB491821B0C83D200912DA3 /* CommitCellPresenter.mm */,
				2DB491881B0C9B2000912DA3 /* CommitListPresenter.h */,
				2DB491891B0C9B2000912DA3 /* CommitListPresenter.mm */,
				DADC87231B380B4A000F0BE7 /* ViewPresenter.h */,
				2DA4162E1B638EC500660667 /* ImagePresenter.h */,
				2DA4162F1B638EC500660667 /* ImagePresenter.mm */,
			);
			path = github;
			sourceTree = "<group>";
		};
		DA313FA21AD665A6000089F9 /* Supporting Files */ = {
			isa = PBXGroup;
			children = (
				DA313FA31AD665A6000089F9 /* Info.plist */,
				DA313FA41AD665A6000089F9 /* main.m */,
			);
			name = "Supporting Files";
			sourceTree = "<group>";
		};
		DA313FBB1AD665A7000089F9 /* githubTests */ = {
			isa = PBXGroup;
			children = (
				DA313FBE1AD665A7000089F9 /* githubTests.m */,
				DA313FBC1AD665A7000089F9 /* Supporting Files */,
			);
			path = githubTests;
			sourceTree = "<group>";
		};
		DA313FBC1AD665A7000089F9 /* Supporting Files */ = {
			isa = PBXGroup;
			children = (
				DA313FBD1AD665A7000089F9 /* Info.plist */,
			);
			name = "Supporting Files";
			sourceTree = "<group>";
		};
		DA7912431AFCEEB300E5F773 /* cc */ = {
			isa = PBXGroup;
			children = (
				DA7912441AFCEEB300E5F773 /* immi_service.cc */,
				DA7912451AFCEEB300E5F773 /* immi_service.h */,
				DA7912461AFCEEB300E5F773 /* struct.cc */,
				DA7912471AFCEEB300E5F773 /* struct.h */,
				DA7912481AFCEEB300E5F773 /* unicode.cc */,
				DA7912491AFCEEB300E5F773 /* unicode.h */,
			);
			name = cc;
			path = ../../../package/immi_gen/cc;
			sourceTree = "<group>";
		};
		DA79124D1AFCEEE900E5F773 /* objc */ = {
			isa = PBXGroup;
			children = (
				DA79124E1AFCEEE900E5F773 /* github.h */,
				DA79124F1AFCEEE900E5F773 /* github.mm */,
			);
			name = objc;
			path = ../../../package/immi_gen/objc;
			sourceTree = "<group>";
		};
		DAEE2F321AD6AA1800945914 /* Resources */ = {
			isa = PBXGroup;
			children = (
				DAEE2F331AD6AA2600945914 /* github.snapshot */,
			);
			name = Resources;
			path = github/Resources;
			sourceTree = "<group>";
		};
/* End PBXGroup section */

/* Begin PBXNativeTarget section */
		DA313F9E1AD665A6000089F9 /* github */ = {
			isa = PBXNativeTarget;
			buildConfigurationList = DA313FC21AD665A7000089F9 /* Build configuration list for PBXNativeTarget "github" */;
			buildPhases = (
				48134BAA573371C7D5CB82A7 /* Check Pods Manifest.lock */,
				DAEE2EA71AD677EF00945914 /* ShellScript */,
				DA313F9B1AD665A6000089F9 /* Sources */,
				DA313F9C1AD665A6000089F9 /* Frameworks */,
				DA313F9D1AD665A6000089F9 /* Resources */,
				B88343D80FFEF00EE91C45D8 /* Copy Pods Resources */,
			);
			buildRules = (
			);
			dependencies = (
			);
			name = github;
			productName = github;
			productReference = DA313F9F1AD665A6000089F9 /* github.app */;
			productType = "com.apple.product-type.application";
		};
		DA313FB71AD665A7000089F9 /* githubTests */ = {
			isa = PBXNativeTarget;
			buildConfigurationList = DA313FC51AD665A7000089F9 /* Build configuration list for PBXNativeTarget "githubTests" */;
			buildPhases = (
				DA313FB41AD665A7000089F9 /* Sources */,
				DA313FB51AD665A7000089F9 /* Frameworks */,
				DA313FB61AD665A7000089F9 /* Resources */,
			);
			buildRules = (
			);
			dependencies = (
				DA313FBA1AD665A7000089F9 /* PBXTargetDependency */,
			);
			name = githubTests;
			productName = githubTests;
			productReference = DA313FB81AD665A7000089F9 /* githubTests.xctest */;
			productType = "com.apple.product-type.bundle.unit-test";
		};
/* End PBXNativeTarget section */

/* Begin PBXProject section */
		DA313F971AD665A6000089F9 /* Project object */ = {
			isa = PBXProject;
			attributes = {
				LastUpgradeCheck = 0610;
				ORGANIZATIONNAME = "Google Inc";
				TargetAttributes = {
					DA313F9E1AD665A6000089F9 = {
						CreatedOnToolsVersion = 6.1.1;
					};
					DA313FB71AD665A7000089F9 = {
						CreatedOnToolsVersion = 6.1.1;
						TestTargetID = DA313F9E1AD665A6000089F9;
					};
				};
			};
			buildConfigurationList = DA313F9A1AD665A6000089F9 /* Build configuration list for PBXProject "github" */;
			compatibilityVersion = "Xcode 3.2";
			developmentRegion = English;
			hasScannedForEncodings = 0;
			knownRegions = (
				en,
				Base,
			);
			mainGroup = DA313F961AD665A6000089F9;
			productRefGroup = DA313FA01AD665A6000089F9 /* Products */;
			projectDirPath = "";
			projectRoot = "";
			targets = (
				DA313F9E1AD665A6000089F9 /* github */,
				DA313FB71AD665A7000089F9 /* githubTests */,
			);
		};
/* End PBXProject section */

/* Begin PBXResourcesBuildPhase section */
		DA313F9D1AD665A6000089F9 /* Resources */ = {
			isa = PBXResourcesBuildPhase;
			buildActionMask = 2147483647;
			files = (
				DAEE2F341AD6AA2600945914 /* github.snapshot in Resources */,
				DA313FAE1AD665A6000089F9 /* Main.storyboard in Resources */,
				DA313FB31AD665A6000089F9 /* LaunchScreen.xib in Resources */,
				2D6E8DC71B283A6300FED492 /* dart-logo.png in Resources */,
				DA313FB01AD665A6000089F9 /* Images.xcassets in Resources */,
			);
			runOnlyForDeploymentPostprocessing = 0;
		};
		DA313FB61AD665A7000089F9 /* Resources */ = {
			isa = PBXResourcesBuildPhase;
			buildActionMask = 2147483647;
			files = (
			);
			runOnlyForDeploymentPostprocessing = 0;
		};
/* End PBXResourcesBuildPhase section */

/* Begin PBXShellScriptBuildPhase section */
		48134BAA573371C7D5CB82A7 /* Check Pods Manifest.lock */ = {
			isa = PBXShellScriptBuildPhase;
			buildActionMask = 2147483647;
			files = (
			);
			inputPaths = (
			);
			name = "Check Pods Manifest.lock";
			outputPaths = (
			);
			runOnlyForDeploymentPostprocessing = 0;
			shellPath = /bin/sh;
			shellScript = "diff \"${PODS_ROOT}/../Podfile.lock\" \"${PODS_ROOT}/Manifest.lock\" > /dev/null\nif [[ $? != 0 ]] ; then\n    cat << EOM\nerror: The sandbox is not in sync with the Podfile.lock. Run 'pod install' or update your CocoaPods installation.\nEOM\n    exit 1\nfi\n";
			showEnvVarsInLog = 0;
		};
		B88343D80FFEF00EE91C45D8 /* Copy Pods Resources */ = {
			isa = PBXShellScriptBuildPhase;
			buildActionMask = 2147483647;
			files = (
			);
			inputPaths = (
			);
			name = "Copy Pods Resources";
			outputPaths = (
			);
			runOnlyForDeploymentPostprocessing = 0;
			shellPath = /bin/sh;
			shellScript = "\"${SRCROOT}/Pods/Target Support Files/Pods/Pods-resources.sh\"\n";
			showEnvVarsInLog = 0;
		};
		DAEE2EA71AD677EF00945914 /* ShellScript */ = {
			isa = PBXShellScriptBuildPhase;
			buildActionMask = 2147483647;
			files = (
			);
			inputPaths = (
			);
			outputPaths = (
			);
			runOnlyForDeploymentPostprocessing = 0;
			shellPath = /bin/sh;
			shellScript = ./compile.sh;
		};
/* End PBXShellScriptBuildPhase section */

/* Begin PBXSourcesBuildPhase section */
		DA313F9B1AD665A6000089F9 /* Sources */ = {
			isa = PBXSourcesBuildPhase;
			buildActionMask = 2147483647;
			files = (
				2DB4918A1B0C9B2000912DA3 /* CommitListPresenter.mm in Sources */,
				DA79124C1AFCEEB300E5F773 /* unicode.cc in Sources */,
				DA7912501AFCEEE900E5F773 /* github.mm in Sources */,
				DA79124B1AFCEEB300E5F773 /* struct.cc in Sources */,
				DA1D77031B037490009E936C /* MainController.mm in Sources */,
				DA4370BD1AE9328D00EEE52F /* unix_ia32_hack.c in Sources */,
				2DB4917D1B0C797900912DA3 /* SlidingWindowPresenter.mm in Sources */,
				DA313FA81AD665A6000089F9 /* AppDelegate.mm in Sources */,
				2DA416301B638EC500660667 /* ImagePresenter.mm in Sources */,
				2DB491831B0C83D200912DA3 /* CommitCellPresenter.mm in Sources */,
				DA7EF8871B0F3B7D005F8E03 /* MenuPresenter.mm in Sources */,
				DA313FA51AD665A6000089F9 /* main.m in Sources */,
				DADC871F1B298C90000F0BE7 /* DrawerPresenter.mm in Sources */,
				DA79124A1AFCEEB300E5F773 /* immi_service.cc in Sources */,
			);
			runOnlyForDeploymentPostprocessing = 0;
		};
		DA313FB41AD665A7000089F9 /* Sources */ = {
			isa = PBXSourcesBuildPhase;
			buildActionMask = 2147483647;
			files = (
				DA313FBF1AD665A7000089F9 /* githubTests.m in Sources */,
			);
			runOnlyForDeploymentPostprocessing = 0;
		};
/* End PBXSourcesBuildPhase section */

/* Begin PBXTargetDependency section */
		DA313FBA1AD665A7000089F9 /* PBXTargetDependency */ = {
			isa = PBXTargetDependency;
			target = DA313F9E1AD665A6000089F9 /* github */;
			targetProxy = DA313FB91AD665A7000089F9 /* PBXContainerItemProxy */;
		};
/* End PBXTargetDependency section */

/* Begin PBXVariantGroup section */
		DA313FAC1AD665A6000089F9 /* Main.storyboard */ = {
			isa = PBXVariantGroup;
			children = (
				DA313FAD1AD665A6000089F9 /* Base */,
			);
			name = Main.storyboard;
			sourceTree = "<group>";
		};
		DA313FB11AD665A6000089F9 /* LaunchScreen.xib */ = {
			isa = PBXVariantGroup;
			children = (
				DA313FB21AD665A6000089F9 /* Base */,
			);
			name = LaunchScreen.xib;
			sourceTree = "<group>";
		};
/* End PBXVariantGroup section */

/* Begin XCBuildConfiguration section */
		DA313FC01AD665A7000089F9 /* Debug */ = {
			isa = XCBuildConfiguration;
			buildSettings = {
				ALWAYS_SEARCH_USER_PATHS = NO;
				CLANG_CXX_LANGUAGE_STANDARD = "gnu++0x";
				CLANG_CXX_LIBRARY = "libc++";
				CLANG_ENABLE_MODULES = YES;
				CLANG_ENABLE_OBJC_ARC = YES;
				CLANG_WARN_BOOL_CONVERSION = YES;
				CLANG_WARN_CONSTANT_CONVERSION = YES;
				CLANG_WARN_DIRECT_OBJC_ISA_USAGE = YES_ERROR;
				CLANG_WARN_EMPTY_BODY = YES;
				CLANG_WARN_ENUM_CONVERSION = YES;
				CLANG_WARN_INT_CONVERSION = YES;
				CLANG_WARN_OBJC_ROOT_CLASS = YES_ERROR;
				CLANG_WARN_UNREACHABLE_CODE = YES;
				CLANG_WARN__DUPLICATE_METHOD_MATCH = YES;
				"CODE_SIGN_IDENTITY[sdk=iphoneos*]" = "iPhone Developer";
				COPY_PHASE_STRIP = NO;
				ENABLE_STRICT_OBJC_MSGSEND = YES;
				GCC_C_LANGUAGE_STANDARD = gnu99;
				GCC_DYNAMIC_NO_PIC = NO;
				GCC_OPTIMIZATION_LEVEL = 0;
				GCC_PREPROCESSOR_DEFINITIONS = (
					"DEBUG=1",
					"$(inherited)",
				);
				GCC_SYMBOLS_PRIVATE_EXTERN = NO;
				GCC_WARN_64_TO_32_BIT_CONVERSION = YES;
				GCC_WARN_ABOUT_RETURN_TYPE = YES_ERROR;
				GCC_WARN_UNDECLARED_SELECTOR = YES;
				GCC_WARN_UNINITIALIZED_AUTOS = YES_AGGRESSIVE;
				GCC_WARN_UNUSED_FUNCTION = YES;
				GCC_WARN_UNUSED_VARIABLE = YES;
				IPHONEOS_DEPLOYMENT_TARGET = 8.1;
				MTL_ENABLE_DEBUG_INFO = YES;
				ONLY_ACTIVE_ARCH = YES;
				SDKROOT = iphoneos;
				TARGETED_DEVICE_FAMILY = "1,2";
			};
			name = Debug;
		};
		DA313FC11AD665A7000089F9 /* Release */ = {
			isa = XCBuildConfiguration;
			buildSettings = {
				ALWAYS_SEARCH_USER_PATHS = NO;
				CLANG_CXX_LANGUAGE_STANDARD = "gnu++0x";
				CLANG_CXX_LIBRARY = "libc++";
				CLANG_ENABLE_MODULES = YES;
				CLANG_ENABLE_OBJC_ARC = YES;
				CLANG_WARN_BOOL_CONVERSION = YES;
				CLANG_WARN_CONSTANT_CONVERSION = YES;
				CLANG_WARN_DIRECT_OBJC_ISA_USAGE = YES_ERROR;
				CLANG_WARN_EMPTY_BODY = YES;
				CLANG_WARN_ENUM_CONVERSION = YES;
				CLANG_WARN_INT_CONVERSION = YES;
				CLANG_WARN_OBJC_ROOT_CLASS = YES_ERROR;
				CLANG_WARN_UNREACHABLE_CODE = YES;
				CLANG_WARN__DUPLICATE_METHOD_MATCH = YES;
				"CODE_SIGN_IDENTITY[sdk=iphoneos*]" = "iPhone Developer";
				COPY_PHASE_STRIP = YES;
				ENABLE_NS_ASSERTIONS = NO;
				ENABLE_STRICT_OBJC_MSGSEND = YES;
				GCC_C_LANGUAGE_STANDARD = gnu99;
				GCC_WARN_64_TO_32_BIT_CONVERSION = YES;
				GCC_WARN_ABOUT_RETURN_TYPE = YES_ERROR;
				GCC_WARN_UNDECLARED_SELECTOR = YES;
				GCC_WARN_UNINITIALIZED_AUTOS = YES_AGGRESSIVE;
				GCC_WARN_UNUSED_FUNCTION = YES;
				GCC_WARN_UNUSED_VARIABLE = YES;
				IPHONEOS_DEPLOYMENT_TARGET = 8.1;
				MTL_ENABLE_DEBUG_INFO = NO;
				SDKROOT = iphoneos;
				TARGETED_DEVICE_FAMILY = "1,2";
				VALIDATE_PRODUCT = YES;
			};
			name = Release;
		};
		DA313FC31AD665A7000089F9 /* Debug */ = {
			isa = XCBuildConfiguration;
			baseConfigurationReference = 4E37F34647C00D8D3201F7A7 /* Pods.debug.xcconfig */;
			buildSettings = {
				ARCHS = armv7;
				ASSETCATALOG_COMPILER_APPICON_NAME = AppIcon;
				DEAD_CODE_STRIPPING = NO;
				HEADER_SEARCH_PATHS = (
					"$(inherited)",
					/Applications/Xcode.app/Contents/Developer/Toolchains/XcodeDefault.xctoolchain/usr/include,
					"$(PROJECT_DIR)/../../..",
				);
				INFOPLIST_FILE = github/Info.plist;
				LD_RUNPATH_SEARCH_PATHS = "$(inherited) @executable_path/Frameworks";
				LIBRARY_SEARCH_PATHS = (
					"$(inherited)",
					"$(PROJECT_DIR)",
				);
				PRODUCT_NAME = "$(TARGET_NAME)";
				USER_HEADER_SEARCH_PATHS = "";
				VALID_ARCHS = "arm64 armv7 armv7s";
			};
			name = Debug;
		};
		DA313FC41AD665A7000089F9 /* Release */ = {
			isa = XCBuildConfiguration;
			baseConfigurationReference = CF6A9C448DE9E3E165408184 /* Pods.release.xcconfig */;
			buildSettings = {
				ARCHS = armv7;
				ASSETCATALOG_COMPILER_APPICON_NAME = AppIcon;
				DEAD_CODE_STRIPPING = NO;
				HEADER_SEARCH_PATHS = (
					"$(inherited)",
					/Applications/Xcode.app/Contents/Developer/Toolchains/XcodeDefault.xctoolchain/usr/include,
					"$(PROJECT_DIR)/../../..",
				);
				INFOPLIST_FILE = github/Info.plist;
				LD_RUNPATH_SEARCH_PATHS = "$(inherited) @executable_path/Frameworks";
				LIBRARY_SEARCH_PATHS = (
					"$(inherited)",
					"$(PROJECT_DIR)",
				);
				PRODUCT_NAME = "$(TARGET_NAME)";
				USER_HEADER_SEARCH_PATHS = "";
				VALID_ARCHS = "arm64 armv7 armv7s";
			};
			name = Release;
		};
		DA313FC61AD665A7000089F9 /* Debug */ = {
			isa = XCBuildConfiguration;
			buildSettings = {
				BUNDLE_LOADER = "$(TEST_HOST)";
				FRAMEWORK_SEARCH_PATHS = (
					"$(SDKROOT)/Developer/Library/Frameworks",
					"$(inherited)",
				);
				GCC_PREPROCESSOR_DEFINITIONS = (
					"DEBUG=1",
					"$(inherited)",
				);
				INFOPLIST_FILE = githubTests/Info.plist;
				LD_RUNPATH_SEARCH_PATHS = "$(inherited) @executable_path/Frameworks @loader_path/Frameworks";
				PRODUCT_NAME = "$(TARGET_NAME)";
				TEST_HOST = "$(BUILT_PRODUCTS_DIR)/github.app/github";
			};
			name = Debug;
		};
		DA313FC71AD665A7000089F9 /* Release */ = {
			isa = XCBuildConfiguration;
			buildSettings = {
				BUNDLE_LOADER = "$(TEST_HOST)";
				FRAMEWORK_SEARCH_PATHS = (
					"$(SDKROOT)/Developer/Library/Frameworks",
					"$(inherited)",
				);
				INFOPLIST_FILE = githubTests/Info.plist;
				LD_RUNPATH_SEARCH_PATHS = "$(inherited) @executable_path/Frameworks @loader_path/Frameworks";
				PRODUCT_NAME = "$(TARGET_NAME)";
				TEST_HOST = "$(BUILT_PRODUCTS_DIR)/github.app/github";
			};
			name = Release;
		};
/* End XCBuildConfiguration section */

/* Begin XCConfigurationList section */
		DA313F9A1AD665A6000089F9 /* Build configuration list for PBXProject "github" */ = {
			isa = XCConfigurationList;
			buildConfigurations = (
				DA313FC01AD665A7000089F9 /* Debug */,
				DA313FC11AD665A7000089F9 /* Release */,
			);
			defaultConfigurationIsVisible = 0;
			defaultConfigurationName = Release;
		};
		DA313FC21AD665A7000089F9 /* Build configuration list for PBXNativeTarget "github" */ = {
			isa = XCConfigurationList;
			buildConfigurations = (
				DA313FC31AD665A7000089F9 /* Debug */,
				DA313FC41AD665A7000089F9 /* Release */,
			);
			defaultConfigurationIsVisible = 0;
			defaultConfigurationName = Release;
		};
		DA313FC51AD665A7000089F9 /* Build configuration list for PBXNativeTarget "githubTests" */ = {
			isa = XCConfigurationList;
			buildConfigurations = (
				DA313FC61AD665A7000089F9 /* Debug */,
				DA313FC71AD665A7000089F9 /* Release */,
			);
			defaultConfigurationIsVisible = 0;
			defaultConfigurationName = Release;
		};
/* End XCConfigurationList section */
	};
	rootObject = DA313F971AD665A6000089F9 /* Project object */;
}
